
Microsoft Visual Studio Solution File, Format Version 11.00
# Visual Studio 2010
Project("{8BC9CEB8-8B4A-11D0-8D11-00A0C91BC942}") = "MFCDraw", "MFCDraw\MFCDraw.vcxproj", "{3EF65A89-DEBD-47A7-BD10-F91B8A50241B}"
EndProject
Project("{8BC9CEB8-8B4A-11D0-8D11-00A0C91BC942}") = "MFCFile", "MFCFile\MFCFile.vcxproj", "{9FF0BC09-DF24-4466-93E0-9AE40B3ECA45}"
EndProject
Project("{8BC9CEB8-8B4A-11D0-8D11-00A0C91BC942}") = "Serialize", "Serialize\Serialize.vcxproj", "{3BFBB408-2B68-449D-B659-604CEF0E44B6}"
EndProject
Global
	GlobalSection(SolutionConfigurationPlatforms) = preSolution
		Debug|Win32 = Debug|Win32
		Release|Win32 = Release|Win32
	EndGlobalSection
	GlobalSection(ProjectConfigurationPlatforms) = postSolution
		{3EF65A89-DEBD-47A7-BD10-F91B8A50241B}.Debug|Win32.ActiveCfg = Debug|Win32
		{3EF65A89-DEBD-47A7-BD10-F91B8A50241B}.Debug|Win32.Build.0 = Debug|Win32
		{3EF65A89-DEBD-47A7-BD10-F91B8A50241B}.Release|Win32.ActiveCfg = Release|Win32
		{3EF65A89-DEBD-47A7-BD10-F91B8A50241B}.Release|Win32.Build.0 = Release|Win32
		{9FF0BC09-DF24-4466-93E0-9AE40B3ECA45}.Debug|Win32.ActiveCfg = Debug|Win32
		{9FF0BC09-DF24-4466-93E0-9AE40B3ECA45}.Debug|Win32.Build.0 = Debug|Win32
		{9FF0BC09-DF24-4466-93E0-9AE40B3ECA45}.Release|Win32.ActiveCfg = Release|Win32
		{9FF0BC09-DF24-4466-93E0-9AE40B3ECA45}.Release|Win32.Build.0 = Release|Win32
		{3BFBB408-2B68-449D-B659-604CEF0E44B6}.Debug|Win32.ActiveCfg = Debug|Win32
		{3BFBB408-2B68-449D-B659-604CEF0E44B6}.Debug|Win32.Build.0 = Debug|Win32
		{3BFBB408-2B68-449D-B659-604CEF0E44B6}.Release|Win32.ActiveCfg = Release|Win32
		{3BFBB408-2B68-449D-B659-604CEF0E44B6}.Release|Win32.Build.0 = Release|Win32
	EndGlobalSection
	GlobalSection(SolutionProperties) = preSolution
		HideSolutionNode = FALSE
	EndGlobalSection
EndGlobal
