
Microsoft Visual Studio Solution File, Format Version 11.00
# Visual Studio 2010
Project("{8BC9CEB8-8B4A-11D0-8D11-00A0C91BC942}") = "UseAdo", "UseAdo\UseAdo.vcxproj", "{4610BF44-84D9-47CC-B007-F9D397D4F18A}"
EndProject
Project("{8BC9CEB8-8B4A-11D0-8D11-00A0C91BC942}") = "MFCODBC", "..\..\..\day11\codes\day11\MFCODBC\MFCODBC.vcxproj", "{7F37A151-713A-4856-9D95-3471510A15E8}"
EndProject
Global
	GlobalSection(SolutionConfigurationPlatforms) = preSolution
		Debug|Win32 = Debug|Win32
		Release|Win32 = Release|Win32
	EndGlobalSection
	GlobalSection(ProjectConfigurationPlatforms) = postSolution
		{4610BF44-84D9-47CC-B007-F9D397D4F18A}.Debug|Win32.ActiveCfg = Debug|Win32
		{4610BF44-84D9-47CC-B007-F9D397D4F18A}.Debug|Win32.Build.0 = Debug|Win32
		{4610BF44-84D9-47CC-B007-F9D397D4F18A}.Release|Win32.ActiveCfg = Release|Win32
		{4610BF44-84D9-47CC-B007-F9D397D4F18A}.Release|Win32.Build.0 = Release|Win32
		{7F37A151-713A-4856-9D95-3471510A15E8}.Debug|Win32.ActiveCfg = Debug|Win32
		{7F37A151-713A-4856-9D95-3471510A15E8}.Debug|Win32.Build.0 = Debug|Win32
		{7F37A151-713A-4856-9D95-3471510A15E8}.Release|Win32.ActiveCfg = Release|Win32
		{7F37A151-713A-4856-9D95-3471510A15E8}.Release|Win32.Build.0 = Release|Win32
	EndGlobalSection
	GlobalSection(SolutionProperties) = preSolution
		HideSolutionNode = FALSE
	EndGlobalSection
EndGlobal
